
Microsoft Visual Studio Solution File, Format Version 12.00
# Visual Studio 2013
VisualStudioVersion = 12.0.31101.0
MinimumVisualStudioVersion = 10.0.40219.1
Project("{F2A71F9B-5D33-465A-A702-920D77279786}") = "Random", "Random\Random.fsproj", "{0C882360-28D7-4BED-9150-73A5B2BEA77B}"
EndProject
Project("{FAE04EC0-301F-11D3-BF4B-00C04F79EFBC}") = "Random.CSharp", "Random.CSharp\Random.CSharp.csproj", "{71A45202-A5A5-4056-903D-FCAAD1759FFC}"
EndProject
Project("{F2A71F9B-5D33-465A-A702-920D77279786}") = "Random.Tests", "Random.Tests\Random.Tests.fsproj", "{5F5922E8-7F01-4C30-A48C-D8B5595D9D62}"
EndProject
Global
	GlobalSection(SolutionConfigurationPlatforms) = preSolution
		Debug|Any CPU = Debug|Any CPU
		Release|Any CPU = Release|Any CPU
	EndGlobalSection
	GlobalSection(ProjectConfigurationPlatforms) = postSolution
		{0C882360-28D7-4BED-9150-73A5B2BEA77B}.Debug|Any CPU.ActiveCfg = Debug|Any CPU
		{0C882360-28D7-4BED-9150-73A5B2BEA77B}.Debug|Any CPU.Build.0 = Debug|Any CPU
		{0C882360-28D7-4BED-9150-73A5B2BEA77B}.Release|Any CPU.ActiveCfg = Release|Any CPU
		{0C882360-28D7-4BED-9150-73A5B2BEA77B}.Release|Any CPU.Build.0 = Release|Any CPU
		{71A45202-A5A5-4056-903D-FCAAD1759FFC}.Debug|Any CPU.ActiveCfg = Debug|Any CPU
		{71A45202-A5A5-4056-903D-FCAAD1759FFC}.Debug|Any CPU.Build.0 = Debug|Any CPU
		{71A45202-A5A5-4056-903D-FCAAD1759FFC}.Release|Any CPU.ActiveCfg = Release|Any CPU
		{71A45202-A5A5-4056-903D-FCAAD1759FFC}.Release|Any CPU.Build.0 = Release|Any CPU
		{5F5922E8-7F01-4C30-A48C-D8B5595D9D62}.Debug|Any CPU.ActiveCfg = Debug|Any CPU
		{5F5922E8-7F01-4C30-A48C-D8B5595D9D62}.Debug|Any CPU.Build.0 = Debug|Any CPU
		{5F5922E8-7F01-4C30-A48C-D8B5595D9D62}.Release|Any CPU.ActiveCfg = Release|Any CPU
		{5F5922E8-7F01-4C30-A48C-D8B5595D9D62}.Release|Any CPU.Build.0 = Release|Any CPU
	EndGlobalSection
	GlobalSection(SolutionProperties) = preSolution
		HideSolutionNode = FALSE
	EndGlobalSection
EndGlobal
